
Microsoft Visual Studio Solution File, Format Version 12.00
# Visual Studio Version 17
VisualStudioVersion = 17.4.33213.308
MinimumVisualStudioVersion = 10.0.40219.1
Project("{9A19103F-16F7-4668-BE54-9A1E7A4F7556}") = "CookieSample", "CookieSample.csproj", "{5287E1C8-B0B0-4404-A6B8-DEE0DE65B967}"
EndProject
Global
	GlobalSection(SolutionConfigurationPlatforms) = preSolution
		Debug|Any CPU = Debug|Any CPU
		Release|Any CPU = Release|Any CPU
	EndGlobalSection
	GlobalSection(ProjectConfigurationPlatforms) = postSolution
		{5287E1C8-B0B0-4404-A6B8-DEE0DE65B967}.Debug|Any CPU.ActiveCfg = Debug|Any CPU
		{5287E1C8-B0B0-4404-A6B8-DEE0DE65B967}.Debug|Any CPU.Build.0 = Debug|Any CPU
		{5287E1C8-B0B0-4404-A6B8-DEE0DE65B967}.Release|Any CPU.ActiveCfg = Release|Any CPU
		{5287E1C8-B0B0-4404-A6B8-DEE0DE65B967}.Release|Any CPU.Build.0 = Release|Any CPU
	EndGlobalSection
	GlobalSection(SolutionProperties) = preSolution
		HideSolutionNode = FALSE
	EndGlobalSection
	GlobalSection(ExtensibilityGlobals) = postSolution
		SolutionGuid = {A77E6751-AE5A-4337-8DEB-6836049957B8}
	EndGlobalSection
EndGlobal
